<?xml version="1.0" encoding="utf-8"?>
<Project ToolsVersion="4.0" xmlns="http://schemas.microsoft.com/developer/msbuild/2003">
  <ItemGroup>
    <Filter Include="소스 파일">
      <UniqueIdentifier>{4FC737F1-C7A5-4376-A066-2A32D752A2FF}</UniqueIdentifier>
      <Extensions>cpp;c;cc;cxx;def;odl;idl;hpj;bat;asm;asmx</Extensions>
    </Filter>
    <Filter Include="헤더 파일">
      <UniqueIdentifier>{93995380-89BD-4b04-88EB-625FBE52EBFB}</UniqueIdentifier>
      <Extensions>h;hpp;hxx;hm;inl;inc;xsd</Extensions>
    </Filter>
    <Filter Include="리소스 파일">
      <UniqueIdentifier>{67DA6AB6-F800-4c08-8B7A-83BB121AAD01}</UniqueIdentifier>
      <Extensions>rc;ico;cur;bmp;dlg;rc2;rct;bin;rgs;gif;jpg;jpeg;jpe;resx;tiff;tif;png;wav;mfcribbon-ms</Extensions>
    </Filter>
    <Filter Include="Include">
      <UniqueIdentifier>{71d03b7b-5f2c-4376-8a34-7feab23885aa}</UniqueIdentifier>
    </Filter>
  </ItemGroup>
  <ItemGroup>
    <ClCompile Include="cGame.cpp">
      <Filter>소스 파일</Filter>
    </ClCompile>
    <ClCompile Include="cLogo.cpp">
      <Filter>소스 파일</Filter>
    </ClCompile>
    <ClCompile Include="cMenu.cpp">
      <Filter>소스 파일</Filter>
    </ClCompile>
    <ClCompile Include="cStateManager.cpp">
      <Filter>소스 파일</Filter>
    </ClCompile>
    <ClCompile Include="frame.cpp">
      <Filter>소스 파일</Filter>
    </ClCompile>
    <ClCompile Include="main.cpp">
      <Filter>소스 파일</Filter>
    </ClCompile>
    <ClCompile Include="scene.cpp">
      <Filter>소스 파일</Filter>
    </ClCompile>
    <ClCompile Include="sceneManager.cpp">
      <Filter>소스 파일</Filter>
    </ClCompile>
    <ClCompile Include="cInfantry.cpp">
      <Filter>소스 파일</Filter>
    </ClCompile>
    <ClCompile Include="cUnit.cpp">
      <Filter>소스 파일</Filter>
    </ClCompile>
    <ClCompile Include="cButton.cpp">
      <Filter>소스 파일</Filter>
    </ClCompile>
    <ClCompile Include="cLevelMenu.cpp">
      <Filter>소스 파일</Filter>
    </ClCompile>
    <ClCompile Include="cStageMenu.cpp">
      <Filter>소스 파일</Filter>
    </ClCompile>
    <ClCompile Include="cLimitMenu.cpp">
      <Filter>소스 파일</Filter>
    </ClCompile>
    <ClCompile Include="cArcher.cpp">
      <Filter>소스 파일</Filter>
    </ClCompile>
    <ClCompile Include="cArrow.cpp">
      <Filter>소스 파일</Filter>
    </ClCompile>
    <ClCompile Include="cCavalry.cpp">
      <Filter>소스 파일</Filter>
    </ClCompile>
    <ClCompile Include="cPriest.cpp">
      <Filter>소스 파일</Filter>
    </ClCompile>
    <ClCompile Include="cSpearman.cpp">
      <Filter>소스 파일</Filter>
    </ClCompile>
    <ClCompile Include="cSpell.cpp">
      <Filter>소스 파일</Filter>
    </ClCompile>
  </ItemGroup>
  <ItemGroup>
    <ClInclude Include="sceneManager.h">
      <Filter>헤더 파일</Filter>
    </ClInclude>
    <ClInclude Include="scene.h">
      <Filter>헤더 파일</Filter>
    </ClInclude>
    <ClInclude Include="frame.h">
      <Filter>헤더 파일</Filter>
    </ClInclude>
    <ClInclude Include="fmodSound.h">
      <Filter>헤더 파일</Filter>
    </ClInclude>
    <ClInclude Include="cStateManager.h">
      <Filter>헤더 파일</Filter>
    </ClInclude>
    <ClInclude Include="cState.h">
      <Filter>헤더 파일</Filter>
    </ClInclude>
    <ClInclude Include="cMenu.h">
      <Filter>헤더 파일</Filter>
    </ClInclude>
    <ClInclude Include="cLogo.h">
      <Filter>헤더 파일</Filter>
    </ClInclude>
    <ClInclude Include="cGdiImage.h">
      <Filter>헤더 파일</Filter>
    </ClInclude>
    <ClInclude Include="cGdiGraphics.h">
      <Filter>헤더 파일</Filter>
    </ClInclude>
    <ClInclude Include="cGame.h">
      <Filter>헤더 파일</Filter>
    </ClInclude>
    <ClInclude Include="MY_Extern.h">
      <Filter>Include</Filter>
    </ClInclude>
    <ClInclude Include="MY_Define.h">
      <Filter>Include</Filter>
    </ClInclude>
    <ClInclude Include="cInfantry.h">
      <Filter>헤더 파일</Filter>
    </ClInclude>
    <ClInclude Include="cUnit.h">
      <Filter>헤더 파일</Filter>
    </ClInclude>
    <ClInclude Include="cButton.h">
      <Filter>헤더 파일</Filter>
    </ClInclude>
    <ClInclude Include="cLevelMenu.h">
      <Filter>헤더 파일</Filter>
    </ClInclude>
    <ClInclude Include="cStageMenu.h">
      <Filter>헤더 파일</Filter>
    </ClInclude>
    <ClInclude Include="cLimitMenu.h">
      <Filter>헤더 파일</Filter>
    </ClInclude>
    <ClInclude Include="cArcher.h">
      <Filter>헤더 파일</Filter>
    </ClInclude>
    <ClInclude Include="cArrow.h">
      <Filter>헤더 파일</Filter>
    </ClInclude>
    <ClInclude Include="UnitList.h">
      <Filter>Include</Filter>
    </ClInclude>
    <ClInclude Include="resource.h">
      <Filter>헤더 파일</Filter>
    </ClInclude>
    <ClInclude Include="cCavalry.h">
      <Filter>헤더 파일</Filter>
    </ClInclude>
    <ClInclude Include="cPriest.h">
      <Filter>헤더 파일</Filter>
    </ClInclude>
    <ClInclude Include="cSpearman.h">
      <Filter>헤더 파일</Filter>
    </ClInclude>
    <ClInclude Include="MY_include.h">
      <Filter>Include</Filter>
    </ClInclude>
    <ClInclude Include="cSpell.h">
      <Filter>헤더 파일</Filter>
    </ClInclude>
    <ClInclude Include="resource1.h">
      <Filter>헤더 파일</Filter>
    </ClInclude>
    <ClInclude Include="Struct.h">
      <Filter>소스 파일</Filter>
    </ClInclude>
    <ClInclude Include="cIAngle.h">
      <Filter>소스 파일</Filter>
    </ClInclude>
  </ItemGroup>
  <ItemGroup>
    <ResourceCompile Include="[API]2011년 겨울방학 팀 프로젝트[Limit].rc">
      <Filter>리소스 파일</Filter>
    </ResourceCompile>
  </ItemGroup>
  <ItemGroup>
    <None Include="bitmap1.bmp">
      <Filter>리소스 파일</Filter>
    </None>
    <None Include="bitmap2.bmp">
      <Filter>리소스 파일</Filter>
    </None>
  </ItemGroup>
</Project>